
Microsoft Visual Studio Solution File, Format Version 12.00
# Visual Studio Version 17
VisualStudioVersion = 17.0.32014.148
MinimumVisualStudioVersion = 10.0.40219.1
Project("{2150E333-8FDC-42A3-9474-1A3956D46DE8}") = "Source", "Source", "{633FAD09-DD85-4C9D-81DA-2E9504109FB2}"
EndProject
Project("{2150E333-8FDC-42A3-9474-1A3956D46DE8}") = "src", "src", "{273B0FF5-3CB5-43BF-9822-2EDAF66C476A}"
EndProject
Project("{2150E333-8FDC-42A3-9474-1A3956D46DE8}") = "Core", "Core", "{7D03D9EB-825D-4589-9832-6842E5CBF9CB}"
EndProject
Project("{2150E333-8FDC-42A3-9474-1A3956D46DE8}") = "Infrastructure", "Infrastructure", "{8A3E272F-6D90-436F-B457-1E361F9A4402}"
EndProject
Project("{2150E333-8FDC-42A3-9474-1A3956D46DE8}") = "Presentations", "Presentations", "{5916F631-77EC-4E72-A02F-A2D0E4E73469}"
EndProject
Project("{9A19103F-16F7-4668-BE54-9A1E7A4F7556}") = "Infrastructure.Infrastructure", "src\Infrastructure\Infrastructure.Infrastructure\Infrastructure.Infrastructure.csproj", "{885A18C6-D299-4521-BD04-3350943ED4B9}"
EndProject
Project("{9A19103F-16F7-4668-BE54-9A1E7A4F7556}") = "Infrastructure.Shared", "src\Infrastructure\Infrastructure.Shared\Infrastructure.Shared.csproj", "{69D1E7BA-A6B2-4636-8DD3-C8974EA3E9D7}"
EndProject
Project("{9A19103F-16F7-4668-BE54-9A1E7A4F7556}") = "Domain", "src\core\Domain\Domain.csproj", "{64C1A731-8884-49A3-B157-64E3F100FC35}"
EndProject
Project("{9A19103F-16F7-4668-BE54-9A1E7A4F7556}") = "Web.ManagerApplication", "src\Presentations\Web.ManagerApplication\Web.ManagerApplication.csproj", "{3D05BFF3-7862-4ED1-B16C-78F3BAE003CD}"
EndProject
Project("{2150E333-8FDC-42A3-9474-1A3956D46DE8}") = "Solution Items", "Solution Items", "{3BBC6F85-A902-4F39-86E9-D4E70B2EB09A}"
	ProjectSection(SolutionItems) = preProject
		.editorconfig = .editorconfig
	EndProjectSection
EndProject
Project("{9A19103F-16F7-4668-BE54-9A1E7A4F7556}") = "SmartBreadcrumbs", "src\core\SmartBreadcrumbs\SmartBreadcrumbs.csproj", "{B98D9B59-D2E4-42DB-86DD-2DC903492739}"
EndProject
Project("{9A19103F-16F7-4668-BE54-9A1E7A4F7556}") = "Web.Api.Manager", "src\Presentations\Web.Api.Manager\Web.Api.Manager.csproj", "{AC241205-DF16-4FC2-B773-B267196D7558}"
EndProject
Project("{9A19103F-16F7-4668-BE54-9A1E7A4F7556}") = "PagedList.Core", "src\core\PagedList.Core\PagedList.Core.csproj", "{4882864F-2057-40B1-B603-0372F6C02911}"
EndProject
Project("{9A19103F-16F7-4668-BE54-9A1E7A4F7556}") = "Application", "src\core\Application\Application.csproj", "{131CC5B5-BA09-4E65-8F25-04ECBBCE4CB3}"
EndProject
Project("{9A19103F-16F7-4668-BE54-9A1E7A4F7556}") = "ApiHttpClient", "src\core\ApiHttpClient\ApiHttpClient.csproj", "{B2AF57FA-70F5-456C-9344-CCBFF1433784}"
EndProject
Project("{9A19103F-16F7-4668-BE54-9A1E7A4F7556}") = "Slugify.Core", "src\core\Slugify.Core\Slugify.Core.csproj", "{51E70EF0-CB79-4948-853C-2BC42A7A65E7}"
EndProject
Project("{9A19103F-16F7-4668-BE54-9A1E7A4F7556}") = "Library", "src\core\HelperLibrary\Library.csproj", "{E18E44B5-30B5-4D93-BBF5-D958C5873E9C}"
EndProject
Project("{9A19103F-16F7-4668-BE54-9A1E7A4F7556}") = "BankService", "BankService\BankService.csproj", "{7903BE17-F621-496E-8F61-6A8DEF8D0DF5}"
EndProject
Project("{9A19103F-16F7-4668-BE54-9A1E7A4F7556}") = "Web.ManagerCompany", "Web.ManagerCompany\Web.ManagerCompany.csproj", "{AD6FE846-26E7-42F3-8AA6-26EC771F5CFD}"
EndProject
Project("{9A19103F-16F7-4668-BE54-9A1E7A4F7556}") = "SystemVariable", "src\core\SystemVariable\SystemVariable.csproj", "{1E7A002E-C87F-47B5-9503-59921E3D8648}"
EndProject
Project("{9A19103F-16F7-4668-BE54-9A1E7A4F7556}") = "Langdingpage", "src\Presentations\Langdingpage\Langdingpage.csproj", "{8D4975CC-72B1-48F6-8802-D6F272F3340A}"
EndProject
Project("{9A19103F-16F7-4668-BE54-9A1E7A4F7556}") = "Infrastructure.Webservice", "src\Infrastructure\Infrastructure.Webservice\Infrastructure.Webservice.csproj", "{4A7D287D-A0E2-4273-A082-635BC6D80FFA}"
EndProject
Project("{9A19103F-16F7-4668-BE54-9A1E7A4F7556}") = "SposVietPluginKySo", "src\Presentations\SposVietPluginKySo\SposVietPluginKySo.csproj", "{FDE7179B-8D9D-44D2-A343-9EE540394CCE}"
EndProject
Project("{FAE04EC0-301F-11D3-BF4B-00C04F79EFBC}") = "LazopSdk", "src\core\LazopSdk\LazopSdk.csproj", "{9C11CAE5-5188-4E71-825B-68FC3135728A}"
EndProject
Project("{FAE04EC0-301F-11D3-BF4B-00C04F79EFBC}") = "SposVietPlugin4.6.1", "src\Presentations\SposVietPlugin net 4.6.1\SposVietPlugin4.6.1.csproj", "{9AD58DDB-7438-4A50-8711-347BD95FD0A6}"
EndProject
Global
	GlobalSection(SolutionConfigurationPlatforms) = preSolution
		Debug|Any CPU = Debug|Any CPU
		Release|Any CPU = Release|Any CPU
	EndGlobalSection
	GlobalSection(ProjectConfigurationPlatforms) = postSolution
		{885A18C6-D299-4521-BD04-3350943ED4B9}.Debug|Any CPU.ActiveCfg = Debug|Any CPU
		{885A18C6-D299-4521-BD04-3350943ED4B9}.Debug|Any CPU.Build.0 = Debug|Any CPU
		{885A18C6-D299-4521-BD04-3350943ED4B9}.Release|Any CPU.ActiveCfg = Release|Any CPU
		{885A18C6-D299-4521-BD04-3350943ED4B9}.Release|Any CPU.Build.0 = Release|Any CPU
		{69D1E7BA-A6B2-4636-8DD3-C8974EA3E9D7}.Debug|Any CPU.ActiveCfg = Debug|Any CPU
		{69D1E7BA-A6B2-4636-8DD3-C8974EA3E9D7}.Debug|Any CPU.Build.0 = Debug|Any CPU
		{69D1E7BA-A6B2-4636-8DD3-C8974EA3E9D7}.Release|Any CPU.ActiveCfg = Release|Any CPU
		{69D1E7BA-A6B2-4636-8DD3-C8974EA3E9D7}.Release|Any CPU.Build.0 = Release|Any CPU
		{64C1A731-8884-49A3-B157-64E3F100FC35}.Debug|Any CPU.ActiveCfg = Debug|Any CPU
		{64C1A731-8884-49A3-B157-64E3F100FC35}.Debug|Any CPU.Build.0 = Debug|Any CPU
		{64C1A731-8884-49A3-B157-64E3F100FC35}.Release|Any CPU.ActiveCfg = Release|Any CPU
		{64C1A731-8884-49A3-B157-64E3F100FC35}.Release|Any CPU.Build.0 = Release|Any CPU
		{3D05BFF3-7862-4ED1-B16C-78F3BAE003CD}.Debug|Any CPU.ActiveCfg = Debug|Any CPU
		{3D05BFF3-7862-4ED1-B16C-78F3BAE003CD}.Debug|Any CPU.Build.0 = Debug|Any CPU
		{3D05BFF3-7862-4ED1-B16C-78F3BAE003CD}.Release|Any CPU.ActiveCfg = Release|Any CPU
		{3D05BFF3-7862-4ED1-B16C-78F3BAE003CD}.Release|Any CPU.Build.0 = Release|Any CPU
		{B98D9B59-D2E4-42DB-86DD-2DC903492739}.Debug|Any CPU.ActiveCfg = Debug|Any CPU
		{B98D9B59-D2E4-42DB-86DD-2DC903492739}.Debug|Any CPU.Build.0 = Debug|Any CPU
		{B98D9B59-D2E4-42DB-86DD-2DC903492739}.Release|Any CPU.ActiveCfg = Release|Any CPU
		{B98D9B59-D2E4-42DB-86DD-2DC903492739}.Release|Any CPU.Build.0 = Release|Any CPU
		{AC241205-DF16-4FC2-B773-B267196D7558}.Debug|Any CPU.ActiveCfg = Debug|Any CPU
		{AC241205-DF16-4FC2-B773-B267196D7558}.Debug|Any CPU.Build.0 = Debug|Any CPU
		{AC241205-DF16-4FC2-B773-B267196D7558}.Release|Any CPU.ActiveCfg = Release|Any CPU
		{AC241205-DF16-4FC2-B773-B267196D7558}.Release|Any CPU.Build.0 = Release|Any CPU
		{4882864F-2057-40B1-B603-0372F6C02911}.Debug|Any CPU.ActiveCfg = Debug|Any CPU
		{4882864F-2057-40B1-B603-0372F6C02911}.Debug|Any CPU.Build.0 = Debug|Any CPU
		{4882864F-2057-40B1-B603-0372F6C02911}.Release|Any CPU.ActiveCfg = Release|Any CPU
		{4882864F-2057-40B1-B603-0372F6C02911}.Release|Any CPU.Build.0 = Release|Any CPU
		{131CC5B5-BA09-4E65-8F25-04ECBBCE4CB3}.Debug|Any CPU.ActiveCfg = Debug|Any CPU
		{131CC5B5-BA09-4E65-8F25-04ECBBCE4CB3}.Debug|Any CPU.Build.0 = Debug|Any CPU
		{131CC5B5-BA09-4E65-8F25-04ECBBCE4CB3}.Release|Any CPU.ActiveCfg = Release|Any CPU
		{131CC5B5-BA09-4E65-8F25-04ECBBCE4CB3}.Release|Any CPU.Build.0 = Release|Any CPU
		{B2AF57FA-70F5-456C-9344-CCBFF1433784}.Debug|Any CPU.ActiveCfg = Debug|Any CPU
		{B2AF57FA-70F5-456C-9344-CCBFF1433784}.Debug|Any CPU.Build.0 = Debug|Any CPU
		{B2AF57FA-70F5-456C-9344-CCBFF1433784}.Release|Any CPU.ActiveCfg = Release|Any CPU
		{B2AF57FA-70F5-456C-9344-CCBFF1433784}.Release|Any CPU.Build.0 = Release|Any CPU
		{51E70EF0-CB79-4948-853C-2BC42A7A65E7}.Debug|Any CPU.ActiveCfg = Debug|Any CPU
		{51E70EF0-CB79-4948-853C-2BC42A7A65E7}.Debug|Any CPU.Build.0 = Debug|Any CPU
		{51E70EF0-CB79-4948-853C-2BC42A7A65E7}.Release|Any CPU.ActiveCfg = Release|Any CPU
		{51E70EF0-CB79-4948-853C-2BC42A7A65E7}.Release|Any CPU.Build.0 = Release|Any CPU
		{E18E44B5-30B5-4D93-BBF5-D958C5873E9C}.Debug|Any CPU.ActiveCfg = Debug|Any CPU
		{E18E44B5-30B5-4D93-BBF5-D958C5873E9C}.Debug|Any CPU.Build.0 = Debug|Any CPU
		{E18E44B5-30B5-4D93-BBF5-D958C5873E9C}.Release|Any CPU.ActiveCfg = Release|Any CPU
		{E18E44B5-30B5-4D93-BBF5-D958C5873E9C}.Release|Any CPU.Build.0 = Release|Any CPU
		{7903BE17-F621-496E-8F61-6A8DEF8D0DF5}.Debug|Any CPU.ActiveCfg = Debug|Any CPU
		{7903BE17-F621-496E-8F61-6A8DEF8D0DF5}.Debug|Any CPU.Build.0 = Debug|Any CPU
		{7903BE17-F621-496E-8F61-6A8DEF8D0DF5}.Release|Any CPU.ActiveCfg = Release|Any CPU
		{7903BE17-F621-496E-8F61-6A8DEF8D0DF5}.Release|Any CPU.Build.0 = Release|Any CPU
		{AD6FE846-26E7-42F3-8AA6-26EC771F5CFD}.Debug|Any CPU.ActiveCfg = Debug|Any CPU
		{AD6FE846-26E7-42F3-8AA6-26EC771F5CFD}.Debug|Any CPU.Build.0 = Debug|Any CPU
		{AD6FE846-26E7-42F3-8AA6-26EC771F5CFD}.Release|Any CPU.ActiveCfg = Release|Any CPU
		{AD6FE846-26E7-42F3-8AA6-26EC771F5CFD}.Release|Any CPU.Build.0 = Release|Any CPU
		{1E7A002E-C87F-47B5-9503-59921E3D8648}.Debug|Any CPU.ActiveCfg = Debug|Any CPU
		{1E7A002E-C87F-47B5-9503-59921E3D8648}.Debug|Any CPU.Build.0 = Debug|Any CPU
		{1E7A002E-C87F-47B5-9503-59921E3D8648}.Release|Any CPU.ActiveCfg = Release|Any CPU
		{1E7A002E-C87F-47B5-9503-59921E3D8648}.Release|Any CPU.Build.0 = Release|Any CPU
		{8D4975CC-72B1-48F6-8802-D6F272F3340A}.Debug|Any CPU.ActiveCfg = Debug|Any CPU
		{8D4975CC-72B1-48F6-8802-D6F272F3340A}.Debug|Any CPU.Build.0 = Debug|Any CPU
		{8D4975CC-72B1-48F6-8802-D6F272F3340A}.Release|Any CPU.ActiveCfg = Release|Any CPU
		{8D4975CC-72B1-48F6-8802-D6F272F3340A}.Release|Any CPU.Build.0 = Release|Any CPU
		{4A7D287D-A0E2-4273-A082-635BC6D80FFA}.Debug|Any CPU.ActiveCfg = Debug|Any CPU
		{4A7D287D-A0E2-4273-A082-635BC6D80FFA}.Debug|Any CPU.Build.0 = Debug|Any CPU
		{4A7D287D-A0E2-4273-A082-635BC6D80FFA}.Release|Any CPU.ActiveCfg = Release|Any CPU
		{4A7D287D-A0E2-4273-A082-635BC6D80FFA}.Release|Any CPU.Build.0 = Release|Any CPU
		{FDE7179B-8D9D-44D2-A343-9EE540394CCE}.Debug|Any CPU.ActiveCfg = Debug|Any CPU
		{FDE7179B-8D9D-44D2-A343-9EE540394CCE}.Debug|Any CPU.Build.0 = Debug|Any CPU
		{FDE7179B-8D9D-44D2-A343-9EE540394CCE}.Release|Any CPU.ActiveCfg = Release|Any CPU
		{FDE7179B-8D9D-44D2-A343-9EE540394CCE}.Release|Any CPU.Build.0 = Release|Any CPU
		{9C11CAE5-5188-4E71-825B-68FC3135728A}.Debug|Any CPU.ActiveCfg = Debug|Any CPU
		{9C11CAE5-5188-4E71-825B-68FC3135728A}.Debug|Any CPU.Build.0 = Debug|Any CPU
		{9C11CAE5-5188-4E71-825B-68FC3135728A}.Release|Any CPU.ActiveCfg = Release|Any CPU
		{9C11CAE5-5188-4E71-825B-68FC3135728A}.Release|Any CPU.Build.0 = Release|Any CPU
		{9AD58DDB-7438-4A50-8711-347BD95FD0A6}.Debug|Any CPU.ActiveCfg = Debug|Any CPU
		{9AD58DDB-7438-4A50-8711-347BD95FD0A6}.Debug|Any CPU.Build.0 = Debug|Any CPU
		{9AD58DDB-7438-4A50-8711-347BD95FD0A6}.Release|Any CPU.ActiveCfg = Release|Any CPU
		{9AD58DDB-7438-4A50-8711-347BD95FD0A6}.Release|Any CPU.Build.0 = Release|Any CPU
	EndGlobalSection
	GlobalSection(SolutionProperties) = preSolution
		HideSolutionNode = FALSE
	EndGlobalSection
	GlobalSection(NestedProjects) = preSolution
		{273B0FF5-3CB5-43BF-9822-2EDAF66C476A} = {633FAD09-DD85-4C9D-81DA-2E9504109FB2}
		{7D03D9EB-825D-4589-9832-6842E5CBF9CB} = {273B0FF5-3CB5-43BF-9822-2EDAF66C476A}
		{8A3E272F-6D90-436F-B457-1E361F9A4402} = {273B0FF5-3CB5-43BF-9822-2EDAF66C476A}
		{5916F631-77EC-4E72-A02F-A2D0E4E73469} = {273B0FF5-3CB5-43BF-9822-2EDAF66C476A}
		{885A18C6-D299-4521-BD04-3350943ED4B9} = {8A3E272F-6D90-436F-B457-1E361F9A4402}
		{69D1E7BA-A6B2-4636-8DD3-C8974EA3E9D7} = {8A3E272F-6D90-436F-B457-1E361F9A4402}
		{64C1A731-8884-49A3-B157-64E3F100FC35} = {7D03D9EB-825D-4589-9832-6842E5CBF9CB}
		{3D05BFF3-7862-4ED1-B16C-78F3BAE003CD} = {5916F631-77EC-4E72-A02F-A2D0E4E73469}
		{B98D9B59-D2E4-42DB-86DD-2DC903492739} = {7D03D9EB-825D-4589-9832-6842E5CBF9CB}
		{AC241205-DF16-4FC2-B773-B267196D7558} = {5916F631-77EC-4E72-A02F-A2D0E4E73469}
		{4882864F-2057-40B1-B603-0372F6C02911} = {7D03D9EB-825D-4589-9832-6842E5CBF9CB}
		{131CC5B5-BA09-4E65-8F25-04ECBBCE4CB3} = {7D03D9EB-825D-4589-9832-6842E5CBF9CB}
		{B2AF57FA-70F5-456C-9344-CCBFF1433784} = {7D03D9EB-825D-4589-9832-6842E5CBF9CB}
		{51E70EF0-CB79-4948-853C-2BC42A7A65E7} = {7D03D9EB-825D-4589-9832-6842E5CBF9CB}
		{E18E44B5-30B5-4D93-BBF5-D958C5873E9C} = {7D03D9EB-825D-4589-9832-6842E5CBF9CB}
		{7903BE17-F621-496E-8F61-6A8DEF8D0DF5} = {7D03D9EB-825D-4589-9832-6842E5CBF9CB}
		{AD6FE846-26E7-42F3-8AA6-26EC771F5CFD} = {5916F631-77EC-4E72-A02F-A2D0E4E73469}
		{1E7A002E-C87F-47B5-9503-59921E3D8648} = {7D03D9EB-825D-4589-9832-6842E5CBF9CB}
		{8D4975CC-72B1-48F6-8802-D6F272F3340A} = {5916F631-77EC-4E72-A02F-A2D0E4E73469}
		{4A7D287D-A0E2-4273-A082-635BC6D80FFA} = {8A3E272F-6D90-436F-B457-1E361F9A4402}
		{FDE7179B-8D9D-44D2-A343-9EE540394CCE} = {5916F631-77EC-4E72-A02F-A2D0E4E73469}
		{9C11CAE5-5188-4E71-825B-68FC3135728A} = {7D03D9EB-825D-4589-9832-6842E5CBF9CB}
		{9AD58DDB-7438-4A50-8711-347BD95FD0A6} = {5916F631-77EC-4E72-A02F-A2D0E4E73469}
	EndGlobalSection
	GlobalSection(ExtensibilityGlobals) = postSolution
		SolutionGuid = {BF74808C-2F6C-49F6-A12F-19D69F2C8DED}
	EndGlobalSection
EndGlobal
